<?xml version="1.0" encoding="utf-8"?>
<Project ToolsVersion="4.0" xmlns="http://schemas.microsoft.com/developer/msbuild/2003">
  <ItemGroup>
    <Filter Include="Source Files">
      <UniqueIdentifier>{4FC737F1-C7A5-4376-A066-2A32D752A2FF}</UniqueIdentifier>
      <Extensions>cpp;c;cc;cxx;c++;cppm;ixx;def;odl;idl;hpj;bat;asm;asmx</Extensions>
    </Filter>
    <Filter Include="Header Files">
      <UniqueIdentifier>{93995380-89BD-4b04-88EB-625FBE52EBFB}</UniqueIdentifier>
      <Extensions>h;hh;hpp;hxx;h++;hm;inl;inc;ipp;xsd</Extensions>
    </Filter>
    <Filter Include="Resource Files">
      <UniqueIdentifier>{67DA6AB6-F800-4c08-8B7A-83BB121AAD01}</UniqueIdentifier>
      <Extensions>rc;ico;cur;bmp;dlg;rc2;rct;bin;rgs;gif;jpg;jpeg;jpe;resx;tiff;tif;png;wav;mfcribbon-ms</Extensions>
    </Filter>
    <Filter Include="Header Files\Quickrender">
      <UniqueIdentifier>{03b5f5e8-cdb8-4aae-b530-2c461a1d8c18}</UniqueIdentifier>
    </Filter>
    <Filter Include="Source Files\declarations">
      <UniqueIdentifier>{0b7744b5-fa7f-4aa6-9aa5-11b0e9f7c38a}</UniqueIdentifier>
    </Filter>
    <Filter Include="Header Files\glad">
      <UniqueIdentifier>{aa762557-da92-41d9-9862-1b41dcfdf96f}</UniqueIdentifier>
    </Filter>
    <Filter Include="Header Files\glfw">
      <UniqueIdentifier>{b1fbabf7-9962-41dd-994e-5414aa4cc2d4}</UniqueIdentifier>
    </Filter>
    <Filter Include="Header Files\khr">
      <UniqueIdentifier>{12b35f55-eb2a-4ef8-a818-d55728cd92d7}</UniqueIdentifier>
    </Filter>
    <Filter Include="Header Files\glm">
      <UniqueIdentifier>{01b3b77e-9b59-4755-9b9d-a2db6b9374c1}</UniqueIdentifier>
    </Filter>
  </ItemGroup>
  <ItemGroup>
    <ClCompile Include="source files\main.cpp">
      <Filter>Source Files</Filter>
    </ClCompile>
    <ClCompile Include="source files\glad.c">
      <Filter>Source Files</Filter>
    </ClCompile>
  </ItemGroup>
  <ItemGroup>
    <ClInclude Include="headers\quickrender.h">
      <Filter>Header Files\Quickrender</Filter>
    </ClInclude>
    <ClInclude Include="headers\glad\glad.h">
      <Filter>Header Files\glad</Filter>
    </ClInclude>
    <ClInclude Include="headers\GLFW\glfw3.h">
      <Filter>Header Files\glfw</Filter>
    </ClInclude>
    <ClInclude Include="headers\GLFW\glfw3native.h">
      <Filter>Header Files\glfw</Filter>
    </ClInclude>
    <ClInclude Include="headers\KHR\khrplatform.h">
      <Filter>Header Files\khr</Filter>
    </ClInclude>
    <ClInclude Include="headers\glm\common.hpp">
      <Filter>Header Files\glm</Filter>
    </ClInclude>
    <ClInclude Include="headers\glm\exponential.hpp">
      <Filter>Header Files\glm</Filter>
    </ClInclude>
    <ClInclude Include="headers\glm\ext.hpp">
      <Filter>Header Files\glm</Filter>
    </ClInclude>
    <ClInclude Include="headers\glm\fwd.hpp">
      <Filter>Header Files\glm</Filter>
    </ClInclude>
    <ClInclude Include="headers\glm\geometric.hpp">
      <Filter>Header Files\glm</Filter>
    </ClInclude>
    <ClInclude Include="headers\glm\glm.hpp">
      <Filter>Header Files\glm</Filter>
    </ClInclude>
    <ClInclude Include="headers\glm\integer.hpp">
      <Filter>Header Files\glm</Filter>
    </ClInclude>
    <ClInclude Include="headers\glm\mat2x2.hpp">
      <Filter>Header Files\glm</Filter>
    </ClInclude>
    <ClInclude Include="headers\glm\mat2x3.hpp">
      <Filter>Header Files\glm</Filter>
    </ClInclude>
    <ClInclude Include="headers\glm\mat2x4.hpp">
      <Filter>Header Files\glm</Filter>
    </ClInclude>
    <ClInclude Include="headers\glm\mat3x2.hpp">
      <Filter>Header Files\glm</Filter>
    </ClInclude>
    <ClInclude Include="headers\glm\mat3x3.hpp">
      <Filter>Header Files\glm</Filter>
    </ClInclude>
    <ClInclude Include="headers\glm\mat3x4.hpp">
      <Filter>Header Files\glm</Filter>
    </ClInclude>
    <ClInclude Include="headers\glm\mat4x2.hpp">
      <Filter>Header Files\glm</Filter>
    </ClInclude>
    <ClInclude Include="headers\glm\mat4x3.hpp">
      <Filter>Header Files\glm</Filter>
    </ClInclude>
    <ClInclude Include="headers\glm\mat4x4.hpp">
      <Filter>Header Files\glm</Filter>
    </ClInclude>
    <ClInclude Include="headers\glm\matrix.hpp">
      <Filter>Header Files\glm</Filter>
    </ClInclude>
    <ClInclude Include="headers\glm\packing.hpp">
      <Filter>Header Files\glm</Filter>
    </ClInclude>
    <ClInclude Include="headers\glm\trigonometric.hpp">
      <Filter>Header Files\glm</Filter>
    </ClInclude>
    <ClInclude Include="headers\glm\vec2.hpp">
      <Filter>Header Files\glm</Filter>
    </ClInclude>
    <ClInclude Include="headers\glm\vec3.hpp">
      <Filter>Header Files\glm</Filter>
    </ClInclude>
    <ClInclude Include="headers\glm\vec4.hpp">
      <Filter>Header Files\glm</Filter>
    </ClInclude>
    <ClInclude Include="headers\glm\vector_relational.hpp">
      <Filter>Header Files\glm</Filter>
    </ClInclude>
    <ClInclude Include="stb_image.h">
      <Filter>Header Files\Quickrender</Filter>
    </ClInclude>
  </ItemGroup>
  <ItemGroup>
    <Text Include="headers\glm\CMakeLists.txt">
      <Filter>Header Files\glm</Filter>
    </Text>
  </ItemGroup>
</Project>